%{
  "benchee": {:hex, :benchee, "1.5.0", "4d812c31d54b0ec0167e91278e7de3f596324a78a096fd3d0bea68bb0c513b10", [:mix], [{:deep_merge, "~> 1.0", [hex: :deep_merge, repo: "hexpm", optional: false]}, {:statistex, "~> 1.1", [hex: :statistex, repo: "hexpm", optional: false]}, {:table, "~> 0.1.0", [hex: :table, repo: "hexpm", optional: true]}], "hexpm", "5b075393aea81b8ae74eadd1c28b1d87e8a63696c649d8293db7c4df3eb67535"},
  "deep_merge": {:hex, :deep_merge, "1.0.0", "b4aa1a0d1acac393bdf38b2291af38cb1d4a52806cf7a4906f718e1feb5ee961", [:mix], [], "hexpm", "ce708e5f094b9cd4e8f2be4f00d2f4250c4095be93f8cd6d018c753894885430"},
  "erlsom": {:hex, :erlsom, "1.5.2", "3e47c53a199136fb4d20d5479edb7c9229f31624534c062633951c8d14dcd276", [:rebar3], [], "hexpm", "4e765cc677fb30509f7b628ff2914e124cf4dcc0fac1c0a62ee4dcee24215b5d"},
  "exomler": {:git, "https://github.com/erlangbureau/exomler.git", "27209acb4231b5da5d167dd1f85ee08c9a654793", []},
  "nimble_options": {:hex, :nimble_options, "1.1.1", "e3a492d54d85fc3fd7c5baf411d9d2852922f66e69476317787a7b2bb000a61b", [:mix], [], "hexpm", "821b2470ca9442c4b6984882fe9bb0389371b8ddec4d45a9504f00a66f650b44"},
  "recase": {:hex, :recase, "0.9.1", "82d2e2e2d4f9e92da1ce5db338ede2e4f15a50ac1141fc082b80050b9f49d96e", [:mix], [], "hexpm", "19ba03ceb811750e6bec4a015a9f9e45d16a8b9e09187f6d72c3798f454710f3"},
  "statistex": {:hex, :statistex, "1.1.0", "7fec1eb2f580a0d2c1a05ed27396a084ab064a40cfc84246dbfb0c72a5c761e5", [:mix], [], "hexpm", "f5950ea26ad43246ba2cce54324ac394a4e7408fdcf98b8e230f503a0cba9cf5"},
  "xml_builder": {:hex, :xml_builder, "2.4.0", "b20d23077266c81f593360dc037ea398461dddb6638a329743da6c73afa56725", [:mix], [], "hexpm", "833e325bb997f032b5a1b740d2fd6feed3c18ca74627f9f5f30513a9ae1a232d"},
}
